// !$*UTF8*$!
{
	archiveVersion = 1;
	classes = {
	};
	objectVersion = 56;
	objects = {

/* Begin PBXBuildFile section */
		5A0853C82C33FF6E00DF69BF /* MCEmojiPicker in Frameworks */ = {isa = PBXBuildFile; productRef = 5A0853C72C33FF6E00DF69BF /* MCEmojiPicker */; };
		5A24717A2C68BB9A001C3CAA /* ReflectionView.swift in Sources */ = {isa = PBXBuildFile; fileRef = 5A2471792C68BB9A001C3CAA /* ReflectionView.swift */; };
		5A24717C2C6A0B0A001C3CAA /* WeeklyRecord.swift in Sources */ = {isa = PBXBuildFile; fileRef = 5A24717B2C6A0B0A001C3CAA /* WeeklyRecord.swift */; };
		5A24717E2C6B4D2D001C3CAA /* NextGoalCardView.swift in Sources */ = {isa = PBXBuildFile; fileRef = 5A24717D2C6B4D2D001C3CAA /* NextGoalCardView.swift */; };
		5A3539342C33CA0400C3AB8D /* ArchiveView.swift in Sources */ = {isa = PBXBuildFile; fileRef = 5A3539332C33CA0400C3AB8D /* ArchiveView.swift */; };
		5A3539362C33CBB700C3AB8D /* GoalCardView.swift in Sources */ = {isa = PBXBuildFile; fileRef = 5A3539352C33CBB700C3AB8D /* GoalCardView.swift */; };
		5A3539382C33D03700C3AB8D /* ThoughtCard.swift in Sources */ = {isa = PBXBuildFile; fileRef = 5A3539372C33D03700C3AB8D /* ThoughtCard.swift */; };
		5A35393C2C33D09D00C3AB8D /* ThoughtCardView.swift in Sources */ = {isa = PBXBuildFile; fileRef = 5A35393B2C33D09D00C3AB8D /* ThoughtCardView.swift */; };
		5A4ED3752C3275BA003E2E0C /* syukiApp.swift in Sources */ = {isa = PBXBuildFile; fileRef = 5A4ED3742C3275BA003E2E0C /* syukiApp.swift */; };
		5A4ED3772C3275BA003E2E0C /* HomeView.swift in Sources */ = {isa = PBXBuildFile; fileRef = 5A4ED3762C3275BA003E2E0C /* HomeView.swift */; };
		5A4ED3792C3275BB003E2E0C /* Assets.xcassets in Resources */ = {isa = PBXBuildFile; fileRef = 5A4ED3782C3275BB003E2E0C /* Assets.xcassets */; };
		5A4ED37C2C3275BB003E2E0C /* Preview Assets.xcassets in Resources */ = {isa = PBXBuildFile; fileRef = 5A4ED37B2C3275BB003E2E0C /* Preview Assets.xcassets */; };
		5A71975D2C66DC77005BDAC2 /* DataManager.swift in Sources */ = {isa = PBXBuildFile; fileRef = 5A71975C2C66DC77005BDAC2 /* DataManager.swift */; };
		5AA593DE2C871A940005985E /* SyukiTests.swift in Sources */ = {isa = PBXBuildFile; fileRef = 5AA593DD2C871A940005985E /* SyukiTests.swift */; };
		5AAB8A4A2C635DE7002ECBC5 /* Model.xcdatamodeld in Sources */ = {isa = PBXBuildFile; fileRef = 5AAB8A482C635DE7002ECBC5 /* Model.xcdatamodeld */; };
		5AAB8A4D2C639EE2002ECBC5 /* CoreDataManager.swift in Sources */ = {isa = PBXBuildFile; fileRef = 5AAB8A4C2C639EE2002ECBC5 /* CoreDataManager.swift */; };
/* End PBXBuildFile section */

/* Begin PBXContainerItemProxy section */
		5AA593DF2C871A940005985E /* PBXContainerItemProxy */ = {
			isa = PBXContainerItemProxy;
			containerPortal = 5A4ED3692C3275BA003E2E0C /* Project object */;
			proxyType = 1;
			remoteGlobalIDString = 5A4ED3702C3275BA003E2E0C;
			remoteInfo = syuki;
		};
/* End PBXContainerItemProxy section */

/* Begin PBXFileReference section */
		5A2471792C68BB9A001C3CAA /* ReflectionView.swift */ = {isa = PBXFileReference; lastKnownFileType = sourcecode.swift; path = ReflectionView.swift; sourceTree = "<group>"; };
		5A24717B2C6A0B0A001C3CAA /* WeeklyRecord.swift */ = {isa = PBXFileReference; lastKnownFileType = sourcecode.swift; path = WeeklyRecord.swift; sourceTree = "<group>"; };
		5A24717D2C6B4D2D001C3CAA /* NextGoalCardView.swift */ = {isa = PBXFileReference; lastKnownFileType = sourcecode.swift; path = NextGoalCardView.swift; sourceTree = "<group>"; };
		5A3539332C33CA0400C3AB8D /* ArchiveView.swift */ = {isa = PBXFileReference; lastKnownFileType = sourcecode.swift; path = ArchiveView.swift; sourceTree = "<group>"; };
		5A3539352C33CBB700C3AB8D /* GoalCardView.swift */ = {isa = PBXFileReference; lastKnownFileType = sourcecode.swift; path = GoalCardView.swift; sourceTree = "<group>"; };
		5A3539372C33D03700C3AB8D /* ThoughtCard.swift */ = {isa = PBXFileReference; lastKnownFileType = sourcecode.swift; path = ThoughtCard.swift; sourceTree = "<group>"; };
		5A35393B2C33D09D00C3AB8D /* ThoughtCardView.swift */ = {isa = PBXFileReference; lastKnownFileType = sourcecode.swift; path = ThoughtCardView.swift; sourceTree = "<group>"; };
		5A4ED3712C3275BA003E2E0C /* syuki.app */ = {isa = PBXFileReference; explicitFileType = wrapper.application; includeInIndex = 0; path = syuki.app; sourceTree = BUILT_PRODUCTS_DIR; };
		5A4ED3742C3275BA003E2E0C /* syukiApp.swift */ = {isa = PBXFileReference; lastKnownFileType = sourcecode.swift; path = syukiApp.swift; sourceTree = "<group>"; };
		5A4ED3762C3275BA003E2E0C /* HomeView.swift */ = {isa = PBXFileReference; lastKnownFileType = sourcecode.swift; path = HomeView.swift; sourceTree = "<group>"; };
		5A4ED3782C3275BB003E2E0C /* Assets.xcassets */ = {isa = PBXFileReference; lastKnownFileType = folder.assetcatalog; path = Assets.xcassets; sourceTree = "<group>"; };
		5A4ED37B2C3275BB003E2E0C /* Preview Assets.xcassets */ = {isa = PBXFileReference; lastKnownFileType = folder.assetcatalog; path = "Preview Assets.xcassets"; sourceTree = "<group>"; };
		5A71975C2C66DC77005BDAC2 /* DataManager.swift */ = {isa = PBXFileReference; lastKnownFileType = sourcecode.swift; path = DataManager.swift; sourceTree = "<group>"; };
		5AA593DB2C871A940005985E /* SyukiTests.xctest */ = {isa = PBXFileReference; explicitFileType = wrapper.cfbundle; includeInIndex = 0; path = SyukiTests.xctest; sourceTree = BUILT_PRODUCTS_DIR; };
		5AA593DD2C871A940005985E /* SyukiTests.swift */ = {isa = PBXFileReference; lastKnownFileType = sourcecode.swift; path = SyukiTests.swift; sourceTree = "<group>"; };
		5AAB8A492C635DE7002ECBC5 /* Model.xcdatamodel */ = {isa = PBXFileReference; lastKnownFileType = wrapper.xcdatamodel; path = Model.xcdatamodel; sourceTree = "<group>"; };
		5AAB8A4C2C639EE2002ECBC5 /* CoreDataManager.swift */ = {isa = PBXFileReference; lastKnownFileType = sourcecode.swift; path = CoreDataManager.swift; sourceTree = "<group>"; };
/* End PBXFileReference section */

/* Begin PBXFrameworksBuildPhase section */
		5A4ED36E2C3275BA003E2E0C /* Frameworks */ = {
			isa = PBXFrameworksBuildPhase;
			buildActionMask = 2147483647;
			files = (
				5A0853C82C33FF6E00DF69BF /* MCEmojiPicker in Frameworks */,
			);
			runOnlyForDeploymentPostprocessing = 0;
		};
		5AA593D82C871A940005985E /* Frameworks */ = {
			isa = PBXFrameworksBuildPhase;
			buildActionMask = 2147483647;
			files = (
			);
			runOnlyForDeploymentPostprocessing = 0;
		};
/* End PBXFrameworksBuildPhase section */

/* Begin PBXGroup section */
		5A2BEDF72C32B42D00D2307F /* Views */ = {
			isa = PBXGroup;
			children = (
				5A4ED3762C3275BA003E2E0C /* HomeView.swift */,
				5A3539352C33CBB700C3AB8D /* GoalCardView.swift */,
				5A35393B2C33D09D00C3AB8D /* ThoughtCardView.swift */,
				5A2471792C68BB9A001C3CAA /* ReflectionView.swift */,
				5A24717D2C6B4D2D001C3CAA /* NextGoalCardView.swift */,
				5A3539332C33CA0400C3AB8D /* ArchiveView.swift */,
			);
			path = Views;
			sourceTree = "<group>";
		};
		5A2BEDF82C32B43400D2307F /* Models */ = {
			isa = PBXGroup;
			children = (
				5A3539372C33D03700C3AB8D /* ThoughtCard.swift */,
				5A24717B2C6A0B0A001C3CAA /* WeeklyRecord.swift */,
			);
			path = Models;
			sourceTree = "<group>";
		};
		5A4ED3682C3275BA003E2E0C = {
			isa = PBXGroup;
			children = (
				5A4ED3732C3275BA003E2E0C /* syuki */,
				5AA593DC2C871A940005985E /* SyukiTests */,
				5A4ED3722C3275BA003E2E0C /* Products */,
			);
			sourceTree = "<group>";
		};
		5A4ED3722C3275BA003E2E0C /* Products */ = {
			isa = PBXGroup;
			children = (
				5A4ED3712C3275BA003E2E0C /* syuki.app */,
				5AA593DB2C871A940005985E /* SyukiTests.xctest */,
			);
			name = Products;
			sourceTree = "<group>";
		};
		5A4ED3732C3275BA003E2E0C /* syuki */ = {
			isa = PBXGroup;
			children = (
				5A4ED3742C3275BA003E2E0C /* syukiApp.swift */,
				5A4ED3782C3275BB003E2E0C /* Assets.xcassets */,
				5A4ED37A2C3275BB003E2E0C /* Preview Content */,
				5A2BEDF72C32B42D00D2307F /* Views */,
				5A71975B2C66DC50005BDAC2 /* Service */,
				5A2BEDF82C32B43400D2307F /* Models */,
				5AAB8A4B2C635E64002ECBC5 /* Coredata */,
			);
			path = syuki;
			sourceTree = "<group>";
		};
		5A4ED37A2C3275BB003E2E0C /* Preview Content */ = {
			isa = PBXGroup;
			children = (
				5A4ED37B2C3275BB003E2E0C /* Preview Assets.xcassets */,
			);
			path = "Preview Content";
			sourceTree = "<group>";
		};
		5A71975B2C66DC50005BDAC2 /* Service */ = {
			isa = PBXGroup;
			children = (
				5A71975C2C66DC77005BDAC2 /* DataManager.swift */,
			);
			path = Service;
			sourceTree = "<group>";
		};
		5AA593DC2C871A940005985E /* SyukiTests */ = {
			isa = PBXGroup;
			children = (
				5AA593DD2C871A940005985E /* SyukiTests.swift */,
			);
			path = SyukiTests;
			sourceTree = "<group>";
		};
		5AAB8A4B2C635E64002ECBC5 /* Coredata */ = {
			isa = PBXGroup;
			children = (
				5AAB8A482C635DE7002ECBC5 /* Model.xcdatamodeld */,
				5AAB8A4C2C639EE2002ECBC5 /* CoreDataManager.swift */,
			);
			path = Coredata;
			sourceTree = "<group>";
		};
/* End PBXGroup section */

/* Begin PBXNativeTarget section */
		5A4ED3702C3275BA003E2E0C /* syuki */ = {
			isa = PBXNativeTarget;
			buildConfigurationList = 5A4ED37F2C3275BB003E2E0C /* Build configuration list for PBXNativeTarget "syuki" */;
			buildPhases = (
				5A4ED36D2C3275BA003E2E0C /* Sources */,
				5A4ED36E2C3275BA003E2E0C /* Frameworks */,
				5A4ED36F2C3275BA003E2E0C /* Resources */,
			);
			buildRules = (
			);
			dependencies = (
			);
			name = syuki;
			packageProductDependencies = (
				5A0853C72C33FF6E00DF69BF /* MCEmojiPicker */,
			);
			productName = syuki;
			productReference = 5A4ED3712C3275BA003E2E0C /* syuki.app */;
			productType = "com.apple.product-type.application";
		};
		5AA593DA2C871A940005985E /* SyukiTests */ = {
			isa = PBXNativeTarget;
			buildConfigurationList = 5AA593E32C871A940005985E /* Build configuration list for PBXNativeTarget "SyukiTests" */;
			buildPhases = (
				5AA593D72C871A940005985E /* Sources */,
				5AA593D82C871A940005985E /* Frameworks */,
				5AA593D92C871A940005985E /* Resources */,
			);
			buildRules = (
			);
			dependencies = (
				5AA593E02C871A940005985E /* PBXTargetDependency */,
			);
			name = SyukiTests;
			productName = SyukiTests;
			productReference = 5AA593DB2C871A940005985E /* SyukiTests.xctest */;
			productType = "com.apple.product-type.bundle.unit-test";
		};
/* End PBXNativeTarget section */

/* Begin PBXProject section */
		5A4ED3692C3275BA003E2E0C /* Project object */ = {
			isa = PBXProject;
			attributes = {
				BuildIndependentTargetsInParallel = 1;
				LastSwiftUpdateCheck = 1540;
				LastUpgradeCheck = 1530;
				TargetAttributes = {
					5A4ED3702C3275BA003E2E0C = {
						CreatedOnToolsVersion = 15.3;
					};
					5AA593DA2C871A940005985E = {
						CreatedOnToolsVersion = 15.4;
						TestTargetID = 5A4ED3702C3275BA003E2E0C;
					};
				};
			};
			buildConfigurationList = 5A4ED36C2C3275BA003E2E0C /* Build configuration list for PBXProject "syuki" */;
			compatibilityVersion = "Xcode 14.0";
			developmentRegion = en;
			hasScannedForEncodings = 0;
			knownRegions = (
				en,
				Base,
			);
			mainGroup = 5A4ED3682C3275BA003E2E0C;
			packageReferences = (
				5A0853C62C33FF6E00DF69BF /* XCRemoteSwiftPackageReference "MCEmojiPicker" */,
			);
			productRefGroup = 5A4ED3722C3275BA003E2E0C /* Products */;
			projectDirPath = "";
			projectRoot = "";
			targets = (
				5A4ED3702C3275BA003E2E0C /* syuki */,
				5AA593DA2C871A940005985E /* SyukiTests */,
			);
		};
/* End PBXProject section */

/* Begin PBXResourcesBuildPhase section */
		5A4ED36F2C3275BA003E2E0C /* Resources */ = {
			isa = PBXResourcesBuildPhase;
			buildActionMask = 2147483647;
			files = (
				5A4ED37C2C3275BB003E2E0C /* Preview Assets.xcassets in Resources */,
				5A4ED3792C3275BB003E2E0C /* Assets.xcassets in Resources */,
			);
			runOnlyForDeploymentPostprocessing = 0;
		};
		5AA593D92C871A940005985E /* Resources */ = {
			isa = PBXResourcesBuildPhase;
			buildActionMask = 2147483647;
			files = (
			);
			runOnlyForDeploymentPostprocessing = 0;
		};
/* End PBXResourcesBuildPhase section */

/* Begin PBXSourcesBuildPhase section */
		5A4ED36D2C3275BA003E2E0C /* Sources */ = {
			isa = PBXSourcesBuildPhase;
			buildActionMask = 2147483647;
			files = (
				5A4ED3772C3275BA003E2E0C /* HomeView.swift in Sources */,
				5A24717A2C68BB9A001C3CAA /* ReflectionView.swift in Sources */,
				5A3539382C33D03700C3AB8D /* ThoughtCard.swift in Sources */,
				5A35393C2C33D09D00C3AB8D /* ThoughtCardView.swift in Sources */,
				5A24717E2C6B4D2D001C3CAA /* NextGoalCardView.swift in Sources */,
				5A24717C2C6A0B0A001C3CAA /* WeeklyRecord.swift in Sources */,
				5AAB8A4A2C635DE7002ECBC5 /* Model.xcdatamodeld in Sources */,
				5A3539362C33CBB700C3AB8D /* GoalCardView.swift in Sources */,
				5A3539342C33CA0400C3AB8D /* ArchiveView.swift in Sources */,
				5AAB8A4D2C639EE2002ECBC5 /* CoreDataManager.swift in Sources */,
				5A71975D2C66DC77005BDAC2 /* DataManager.swift in Sources */,
				5A4ED3752C3275BA003E2E0C /* syukiApp.swift in Sources */,
			);
			runOnlyForDeploymentPostprocessing = 0;
		};
		5AA593D72C871A940005985E /* Sources */ = {
			isa = PBXSourcesBuildPhase;
			buildActionMask = 2147483647;
			files = (
				5AA593DE2C871A940005985E /* SyukiTests.swift in Sources */,
			);
			runOnlyForDeploymentPostprocessing = 0;
		};
/* End PBXSourcesBuildPhase section */

/* Begin PBXTargetDependency section */
		5AA593E02C871A940005985E /* PBXTargetDependency */ = {
			isa = PBXTargetDependency;
			target = 5A4ED3702C3275BA003E2E0C /* syuki */;
			targetProxy = 5AA593DF2C871A940005985E /* PBXContainerItemProxy */;
		};
/* End PBXTargetDependency section */

/* Begin XCBuildConfiguration section */
		5A4ED37D2C3275BB003E2E0C /* Debug */ = {
			isa = XCBuildConfiguration;
			buildSettings = {
				ALWAYS_SEARCH_USER_PATHS = NO;
				ASSETCATALOG_COMPILER_GENERATE_SWIFT_ASSET_SYMBOL_EXTENSIONS = YES;
				CLANG_ANALYZER_NONNULL = YES;
				CLANG_ANALYZER_NUMBER_OBJECT_CONVERSION = YES_AGGRESSIVE;
				CLANG_CXX_LANGUAGE_STANDARD = "gnu++20";
				CLANG_ENABLE_MODULES = YES;
				CLANG_ENABLE_OBJC_ARC = YES;
				CLANG_ENABLE_OBJC_WEAK = YES;
				CLANG_WARN_BLOCK_CAPTURE_AUTORELEASING = YES;
				CLANG_WARN_BOOL_CONVERSION = YES;
				CLANG_WARN_COMMA = YES;
				CLANG_WARN_CONSTANT_CONVERSION = YES;
				CLANG_WARN_DEPRECATED_OBJC_IMPLEMENTATIONS = YES;
				CLANG_WARN_DIRECT_OBJC_ISA_USAGE = YES_ERROR;
				CLANG_WARN_DOCUMENTATION_COMMENTS = YES;
				CLANG_WARN_EMPTY_BODY = YES;
				CLANG_WARN_ENUM_CONVERSION = YES;
				CLANG_WARN_INFINITE_RECURSION = YES;
				CLANG_WARN_INT_CONVERSION = YES;
				CLANG_WARN_NON_LITERAL_NULL_CONVERSION = YES;
				CLANG_WARN_OBJC_IMPLICIT_RETAIN_SELF = YES;
				CLANG_WARN_OBJC_LITERAL_CONVERSION = YES;
				CLANG_WARN_OBJC_ROOT_CLASS = YES_ERROR;
				CLANG_WARN_QUOTED_INCLUDE_IN_FRAMEWORK_HEADER = YES;
				CLANG_WARN_RANGE_LOOP_ANALYSIS = YES;
				CLANG_WARN_STRICT_PROTOTYPES = YES;
				CLANG_WARN_SUSPICIOUS_MOVE = YES;
				CLANG_WARN_UNGUARDED_AVAILABILITY = YES_AGGRESSIVE;
				CLANG_WARN_UNREACHABLE_CODE = YES;
				CLANG_WARN__DUPLICATE_METHOD_MATCH = YES;
				COPY_PHASE_STRIP = NO;
				DEBUG_INFORMATION_FORMAT = dwarf;
				ENABLE_STRICT_OBJC_MSGSEND = YES;
				ENABLE_TESTABILITY = YES;
				ENABLE_USER_SCRIPT_SANDBOXING = YES;
				GCC_C_LANGUAGE_STANDARD = gnu17;
				GCC_DYNAMIC_NO_PIC = NO;
				GCC_NO_COMMON_BLOCKS = YES;
				GCC_OPTIMIZATION_LEVEL = 0;
				GCC_PREPROCESSOR_DEFINITIONS = (
					"DEBUG=1",
					"$(inherited)",
				);
				GCC_WARN_64_TO_32_BIT_CONVERSION = YES;
				GCC_WARN_ABOUT_RETURN_TYPE = YES_ERROR;
				GCC_WARN_UNDECLARED_SELECTOR = YES;
				GCC_WARN_UNINITIALIZED_AUTOS = YES_AGGRESSIVE;
				GCC_WARN_UNUSED_FUNCTION = YES;
				GCC_WARN_UNUSED_VARIABLE = YES;
				IPHONEOS_DEPLOYMENT_TARGET = 17.4;
				LOCALIZATION_PREFERS_STRING_CATALOGS = YES;
				MTL_ENABLE_DEBUG_INFO = INCLUDE_SOURCE;
				MTL_FAST_MATH = YES;
				ONLY_ACTIVE_ARCH = YES;
				SDKROOT = iphoneos;
				SWIFT_ACTIVE_COMPILATION_CONDITIONS = "DEBUG $(inherited)";
				SWIFT_OPTIMIZATION_LEVEL = "-Onone";
			};
			name = Debug;
		};
		5A4ED37E2C3275BB003E2E0C /* Release */ = {
			isa = XCBuildConfiguration;
			buildSettings = {
				ALWAYS_SEARCH_USER_PATHS = NO;
				ASSETCATALOG_COMPILER_GENERATE_SWIFT_ASSET_SYMBOL_EXTENSIONS = YES;
				CLANG_ANALYZER_NONNULL = YES;
				CLANG_ANALYZER_NUMBER_OBJECT_CONVERSION = YES_AGGRESSIVE;
				CLANG_CXX_LANGUAGE_STANDARD = "gnu++20";
				CLANG_ENABLE_MODULES = YES;
				CLANG_ENABLE_OBJC_ARC = YES;
				CLANG_ENABLE_OBJC_WEAK = YES;
				CLANG_WARN_BLOCK_CAPTURE_AUTORELEASING = YES;
				CLANG_WARN_BOOL_CONVERSION = YES;
				CLANG_WARN_COMMA = YES;
				CLANG_WARN_CONSTANT_CONVERSION = YES;
				CLANG_WARN_DEPRECATED_OBJC_IMPLEMENTATIONS = YES;
				CLANG_WARN_DIRECT_OBJC_ISA_USAGE = YES_ERROR;
				CLANG_WARN_DOCUMENTATION_COMMENTS = YES;
				CLANG_WARN_EMPTY_BODY = YES;
				CLANG_WARN_ENUM_CONVERSION = YES;
				CLANG_WARN_INFINITE_RECURSION = YES;
				CLANG_WARN_INT_CONVERSION = YES;
				CLANG_WARN_NON_LITERAL_NULL_CONVERSION = YES;
				CLANG_WARN_OBJC_IMPLICIT_RETAIN_SELF = YES;
				CLANG_WARN_OBJC_LITERAL_CONVERSION = YES;
				CLANG_WARN_OBJC_ROOT_CLASS = YES_ERROR;
				CLANG_WARN_QUOTED_INCLUDE_IN_FRAMEWORK_HEADER = YES;
				CLANG_WARN_RANGE_LOOP_ANALYSIS = YES;
				CLANG_WARN_STRICT_PROTOTYPES = YES;
				CLANG_WARN_SUSPICIOUS_MOVE = YES;
				CLANG_WARN_UNGUARDED_AVAILABILITY = YES_AGGRESSIVE;
				CLANG_WARN_UNREACHABLE_CODE = YES;
				CLANG_WARN__DUPLICATE_METHOD_MATCH = YES;
				COPY_PHASE_STRIP = NO;
				DEBUG_INFORMATION_FORMAT = "dwarf-with-dsym";
				ENABLE_NS_ASSERTIONS = NO;
				ENABLE_STRICT_OBJC_MSGSEND = YES;
				ENABLE_USER_SCRIPT_SANDBOXING = YES;
				GCC_C_LANGUAGE_STANDARD = gnu17;
				GCC_NO_COMMON_BLOCKS = YES;
				GCC_WARN_64_TO_32_BIT_CONVERSION = YES;
				GCC_WARN_ABOUT_RETURN_TYPE = YES_ERROR;
				GCC_WARN_UNDECLARED_SELECTOR = YES;
				GCC_WARN_UNINITIALIZED_AUTOS = YES_AGGRESSIVE;
				GCC_WARN_UNUSED_FUNCTION = YES;
				GCC_WARN_UNUSED_VARIABLE = YES;
				IPHONEOS_DEPLOYMENT_TARGET = 17.4;
				LOCALIZATION_PREFERS_STRING_CATALOGS = YES;
				MTL_ENABLE_DEBUG_INFO = NO;
				MTL_FAST_MATH = YES;
				SDKROOT = iphoneos;
				SWIFT_COMPILATION_MODE = wholemodule;
				VALIDATE_PRODUCT = YES;
			};
			name = Release;
		};
		5A4ED3802C3275BB003E2E0C /* Debug */ = {
			isa = XCBuildConfiguration;
			buildSettings = {
				ASSETCATALOG_COMPILER_APPICON_NAME = AppIcon;
				ASSETCATALOG_COMPILER_GLOBAL_ACCENT_COLOR_NAME = AccentColor;
				CODE_SIGN_STYLE = Automatic;
				CURRENT_PROJECT_VERSION = 1;
				DEVELOPMENT_ASSET_PATHS = "\"syuki/Preview Content\"";
				DEVELOPMENT_TEAM = 7Z3QK7D946;
				ENABLE_PREVIEWS = YES;
				GENERATE_INFOPLIST_FILE = YES;
				INFOPLIST_KEY_UIApplicationSceneManifest_Generation = YES;
				INFOPLIST_KEY_UIApplicationSupportsIndirectInputEvents = YES;
				INFOPLIST_KEY_UILaunchScreen_Generation = YES;
				INFOPLIST_KEY_UISupportedInterfaceOrientations_iPad = "UIInterfaceOrientationPortrait UIInterfaceOrientationPortraitUpsideDown UIInterfaceOrientationLandscapeLeft UIInterfaceOrientationLandscapeRight";
				INFOPLIST_KEY_UISupportedInterfaceOrientations_iPhone = "UIInterfaceOrientationPortrait UIInterfaceOrientationLandscapeLeft UIInterfaceOrientationLandscapeRight";
				LD_RUNPATH_SEARCH_PATHS = (
					"$(inherited)",
					"@executable_path/Frameworks",
				);
				MARKETING_VERSION = 1.0;
				PRODUCT_BUNDLE_IDENTIFIER = com.gmail.iura.smh.syuki;
				PRODUCT_NAME = "$(TARGET_NAME)";
				SWIFT_EMIT_LOC_STRINGS = YES;
				SWIFT_VERSION = 5.0;
				TARGETED_DEVICE_FAMILY = "1,2";
			};
			name = Debug;
		};
		5A4ED3812C3275BB003E2E0C /* Release */ = {
			isa = XCBuildConfiguration;
			buildSettings = {
				ASSETCATALOG_COMPILER_APPICON_NAME = AppIcon;
				ASSETCATALOG_COMPILER_GLOBAL_ACCENT_COLOR_NAME = AccentColor;
				CODE_SIGN_STYLE = Automatic;
				CURRENT_PROJECT_VERSION = 1;
				DEVELOPMENT_ASSET_PATHS = "\"syuki/Preview Content\"";
				DEVELOPMENT_TEAM = 7Z3QK7D946;
				ENABLE_PREVIEWS = YES;
				GENERATE_INFOPLIST_FILE = YES;
				INFOPLIST_KEY_UIApplicationSceneManifest_Generation = YES;
				INFOPLIST_KEY_UIApplicationSupportsIndirectInputEvents = YES;
				INFOPLIST_KEY_UILaunchScreen_Generation = YES;
				INFOPLIST_KEY_UISupportedInterfaceOrientations_iPad = "UIInterfaceOrientationPortrait UIInterfaceOrientationPortraitUpsideDown UIInterfaceOrientationLandscapeLeft UIInterfaceOrientationLandscapeRight";
				INFOPLIST_KEY_UISupportedInterfaceOrientations_iPhone = "UIInterfaceOrientationPortrait UIInterfaceOrientationLandscapeLeft UIInterfaceOrientationLandscapeRight";
				LD_RUNPATH_SEARCH_PATHS = (
					"$(inherited)",
					"@executable_path/Frameworks",
				);
				MARKETING_VERSION = 1.0;
				PRODUCT_BUNDLE_IDENTIFIER = com.gmail.iura.smh.syuki;
				PRODUCT_NAME = "$(TARGET_NAME)";
				SWIFT_EMIT_LOC_STRINGS = YES;
				SWIFT_VERSION = 5.0;
				TARGETED_DEVICE_FAMILY = "1,2";
			};
			name = Release;
		};
		5AA593E12C871A940005985E /* Debug */ = {
			isa = XCBuildConfiguration;
			buildSettings = {
				BUNDLE_LOADER = "$(TEST_HOST)";
				CODE_SIGN_STYLE = Automatic;
				CURRENT_PROJECT_VERSION = 1;
				DEVELOPMENT_TEAM = 7Z3QK7D946;
				GENERATE_INFOPLIST_FILE = YES;
				IPHONEOS_DEPLOYMENT_TARGET = 17.5;
				MARKETING_VERSION = 1.0;
				PRODUCT_BUNDLE_IDENTIFIER = com.gmail.iura.smh.SyukiTests;
				PRODUCT_NAME = "$(TARGET_NAME)";
				SWIFT_EMIT_LOC_STRINGS = NO;
				SWIFT_VERSION = 5.0;
				TARGETED_DEVICE_FAMILY = "1,2";
				TEST_HOST = "$(BUILT_PRODUCTS_DIR)/syuki.app/$(BUNDLE_EXECUTABLE_FOLDER_PATH)/syuki";
			};
			name = Debug;
		};
		5AA593E22C871A940005985E /* Release */ = {
			isa = XCBuildConfiguration;
			buildSettings = {
				BUNDLE_LOADER = "$(TEST_HOST)";
				CODE_SIGN_STYLE = Automatic;
				CURRENT_PROJECT_VERSION = 1;
				DEVELOPMENT_TEAM = 7Z3QK7D946;
				GENERATE_INFOPLIST_FILE = YES;
				IPHONEOS_DEPLOYMENT_TARGET = 17.5;
				MARKETING_VERSION = 1.0;
				PRODUCT_BUNDLE_IDENTIFIER = com.gmail.iura.smh.SyukiTests;
				PRODUCT_NAME = "$(TARGET_NAME)";
				SWIFT_EMIT_LOC_STRINGS = NO;
				SWIFT_VERSION = 5.0;
				TARGETED_DEVICE_FAMILY = "1,2";
				TEST_HOST = "$(BUILT_PRODUCTS_DIR)/syuki.app/$(BUNDLE_EXECUTABLE_FOLDER_PATH)/syuki";
			};
			name = Release;
		};
/* End XCBuildConfiguration section */

/* Begin XCConfigurationList section */
		5A4ED36C2C3275BA003E2E0C /* Build configuration list for PBXProject "syuki" */ = {
			isa = XCConfigurationList;
			buildConfigurations = (
				5A4ED37D2C3275BB003E2E0C /* Debug */,
				5A4ED37E2C3275BB003E2E0C /* Release */,
			);
			defaultConfigurationIsVisible = 0;
			defaultConfigurationName = Release;
		};
		5A4ED37F2C3275BB003E2E0C /* Build configuration list for PBXNativeTarget "syuki" */ = {
			isa = XCConfigurationList;
			buildConfigurations = (
				5A4ED3802C3275BB003E2E0C /* Debug */,
				5A4ED3812C3275BB003E2E0C /* Release */,
			);
			defaultConfigurationIsVisible = 0;
			defaultConfigurationName = Release;
		};
		5AA593E32C871A940005985E /* Build configuration list for PBXNativeTarget "SyukiTests" */ = {
			isa = XCConfigurationList;
			buildConfigurations = (
				5AA593E12C871A940005985E /* Debug */,
				5AA593E22C871A940005985E /* Release */,
			);
			defaultConfigurationIsVisible = 0;
			defaultConfigurationName = Release;
		};
/* End XCConfigurationList section */

/* Begin XCRemoteSwiftPackageReference section */
		5A0853C62C33FF6E00DF69BF /* XCRemoteSwiftPackageReference "MCEmojiPicker" */ = {
			isa = XCRemoteSwiftPackageReference;
			repositoryURL = "https://github.com/izyumkin/MCEmojiPicker";
			requirement = {
				kind = upToNextMajorVersion;
				minimumVersion = 1.2.3;
			};
		};
/* End XCRemoteSwiftPackageReference section */

/* Begin XCSwiftPackageProductDependency section */
		5A0853C72C33FF6E00DF69BF /* MCEmojiPicker */ = {
			isa = XCSwiftPackageProductDependency;
			package = 5A0853C62C33FF6E00DF69BF /* XCRemoteSwiftPackageReference "MCEmojiPicker" */;
			productName = MCEmojiPicker;
		};
/* End XCSwiftPackageProductDependency section */

/* Begin XCVersionGroup section */
		5AAB8A482C635DE7002ECBC5 /* Model.xcdatamodeld */ = {
			isa = XCVersionGroup;
			children = (
				5AAB8A492C635DE7002ECBC5 /* Model.xcdatamodel */,
			);
			currentVersion = 5AAB8A492C635DE7002ECBC5 /* Model.xcdatamodel */;
			path = Model.xcdatamodeld;
			sourceTree = "<group>";
			versionGroupType = wrapper.xcdatamodel;
		};
/* End XCVersionGroup section */
	};
	rootObject = 5A4ED3692C3275BA003E2E0C /* Project object */;
}
