{
  "originHash" : "b5d67be806b2b2713c4e4f2d1760b0fade16e0a3e651256703573eecd1281964",
  "pins" : [
    {
      "identity" : "grape",
      "kind" : "remoteSourceControl",
      "location" : "https://github.com/SwiftGraphs/Grape",
      "state" : {
        "revision" : "48eb7d8ab4ce549c6cdde106b5f7fa317421364c",
        "version" : "1.1.0"
      }
    },
    {
      "identity" : "mcemojipicker",
      "kind" : "remoteSourceControl",
      "location" : "https://github.com/izyumkin/MCEmojiPicker",
      "state" : {
        "revision" : "e5b3ed359b04370287366a7c15ffa7013cdd4eec",
        "version" : "1.2.5"
      }
    }
  ],
  "version" : 3
}
