{
  "originHash" : "b6afb039c8a96f8d723d61bd14bfcaabc2f061acb7e7da302169b9f0d2118398",
  "pins" : [
    {
      "identity" : "grape",
      "kind" : "remoteSourceControl",
      "location" : "https://github.com/SwiftGraphs/Grape",
      "state" : {
        "revision" : "48eb7d8ab4ce549c6cdde106b5f7fa317421364c",
        "version" : "1.1.0"
      }
    },
    {
      "identity" : "mcemojipicker",
      "kind" : "remoteSourceControl",
      "location" : "https://github.com/Jeanno/MCEmojiPicker",
      "state" : {
        "branch" : "main",
        "revision" : "94180dde361967629778e7d8aaffecb72a76ef9d"
      }
    }
  ],
  "version" : 3
}
