// !$*UTF8*$!
{
	archiveVersion = 1;
	classes = {
	};
	objectVersion = 56;
	objects = {

/* Begin PBXBuildFile section */
		3C518B7674550B17AB9142ED /* Pods_week.framework in Frameworks */ = {isa = PBXBuildFile; fileRef = 52F98B8256F278CD6AF0ADDD /* Pods_week.framework */; };
		5A0853C82C33FF6E00DF69BF /* MCEmojiPicker in Frameworks */ = {isa = PBXBuildFile; productRef = 5A0853C72C33FF6E00DF69BF /* MCEmojiPicker */; };
		5A24631D2CAB16E500B02F0A /* SettingView.swift in Sources */ = {isa = PBXBuildFile; fileRef = 5A24631C2CAB16E500B02F0A /* SettingView.swift */; };
		5A24631F2CAB212F00B02F0A /* BannerView.swift in Sources */ = {isa = PBXBuildFile; fileRef = 5A24631E2CAB212F00B02F0A /* BannerView.swift */; };
		5A2463212CAB24C400B02F0A /* PrivacyInfo.xcprivacy in Resources */ = {isa = PBXBuildFile; fileRef = 5A2463202CAB24C400B02F0A /* PrivacyInfo.xcprivacy */; };
		5A24717A2C68BB9A001C3CAA /* ReflectionView.swift in Sources */ = {isa = PBXBuildFile; fileRef = 5A2471792C68BB9A001C3CAA /* ReflectionView.swift */; };
		5A24717C2C6A0B0A001C3CAA /* WeeklyRecord.swift in Sources */ = {isa = PBXBuildFile; fileRef = 5A24717B2C6A0B0A001C3CAA /* WeeklyRecord.swift */; };
		5A24717E2C6B4D2D001C3CAA /* NextGoalCardView.swift in Sources */ = {isa = PBXBuildFile; fileRef = 5A24717D2C6B4D2D001C3CAA /* NextGoalCardView.swift */; };
		5A3539342C33CA0400C3AB8D /* ArchiveView.swift in Sources */ = {isa = PBXBuildFile; fileRef = 5A3539332C33CA0400C3AB8D /* ArchiveView.swift */; };
		5A3539362C33CBB700C3AB8D /* GoalCardView.swift in Sources */ = {isa = PBXBuildFile; fileRef = 5A3539352C33CBB700C3AB8D /* GoalCardView.swift */; };
		5A3539382C33D03700C3AB8D /* ThoughtCard.swift in Sources */ = {isa = PBXBuildFile; fileRef = 5A3539372C33D03700C3AB8D /* ThoughtCard.swift */; };
		5A35393C2C33D09D00C3AB8D /* ThoughtCardView.swift in Sources */ = {isa = PBXBuildFile; fileRef = 5A35393B2C33D09D00C3AB8D /* ThoughtCardView.swift */; };
		5A4B02E12CAC10DC00497E79 /* TutorialView.swift in Sources */ = {isa = PBXBuildFile; fileRef = 5A4B02E02CAC10DC00497E79 /* TutorialView.swift */; };
		5A4ED3752C3275BA003E2E0C /* weekApp.swift in Sources */ = {isa = PBXBuildFile; fileRef = 5A4ED3742C3275BA003E2E0C /* weekApp.swift */; };
		5A4ED3772C3275BA003E2E0C /* HomeView.swift in Sources */ = {isa = PBXBuildFile; fileRef = 5A4ED3762C3275BA003E2E0C /* HomeView.swift */; };
		5A4ED3792C3275BB003E2E0C /* Assets.xcassets in Resources */ = {isa = PBXBuildFile; fileRef = 5A4ED3782C3275BB003E2E0C /* Assets.xcassets */; };
		5A4ED37C2C3275BB003E2E0C /* Preview Assets.xcassets in Resources */ = {isa = PBXBuildFile; fileRef = 5A4ED37B2C3275BB003E2E0C /* Preview Assets.xcassets */; };
		5A6157A12CAEF780006C4F67 /* KeyboardResponder.swift in Sources */ = {isa = PBXBuildFile; fileRef = 5A6157A02CAEF780006C4F67 /* KeyboardResponder.swift */; };
		5A63CF822CA95D790022D52D /* ThoughtCardEntity+CoreDataClass.swift in Sources */ = {isa = PBXBuildFile; fileRef = 5A63CF802CA95D790022D52D /* ThoughtCardEntity+CoreDataClass.swift */; };
		5A63CF832CA95D790022D52D /* ThoughtCardEntity+CoreDataProperties.swift in Sources */ = {isa = PBXBuildFile; fileRef = 5A63CF812CA95D790022D52D /* ThoughtCardEntity+CoreDataProperties.swift */; };
		5A71975D2C66DC77005BDAC2 /* DataManager.swift in Sources */ = {isa = PBXBuildFile; fileRef = 5A71975C2C66DC77005BDAC2 /* DataManager.swift */; };
		5A9ECF082CA7265800E28E7F /* WeeklyRecordEntity+CoreDataClass.swift in Sources */ = {isa = PBXBuildFile; fileRef = 5A9ECF042CA7265800E28E7F /* WeeklyRecordEntity+CoreDataClass.swift */; };
		5A9ECF092CA7265800E28E7F /* WeeklyRecordEntity+CoreDataProperties.swift in Sources */ = {isa = PBXBuildFile; fileRef = 5A9ECF052CA7265800E28E7F /* WeeklyRecordEntity+CoreDataProperties.swift */; };
		5AAB8A4A2C635DE7002ECBC5 /* Model.xcdatamodeld in Sources */ = {isa = PBXBuildFile; fileRef = 5AAB8A482C635DE7002ECBC5 /* Model.xcdatamodeld */; };
		5AAB8A4D2C639EE2002ECBC5 /* CoreDataManager.swift in Sources */ = {isa = PBXBuildFile; fileRef = 5AAB8A4C2C639EE2002ECBC5 /* CoreDataManager.swift */; };
		5ABF75072CC9A72A00454AC8 /* ContributionGraphView.swift in Sources */ = {isa = PBXBuildFile; fileRef = 5ABF75062CC9A72A00454AC8 /* ContributionGraphView.swift */; };
		5AE391CB2CB7BACF00C87DF7 /* PurchaseView.swift in Sources */ = {isa = PBXBuildFile; fileRef = 5AE391CA2CB7BACF00C87DF7 /* PurchaseView.swift */; };
		5AE391CD2CB7BF6600C87DF7 /* StoreKit.framework in Frameworks */ = {isa = PBXBuildFile; fileRef = 5AE391CC2CB7BF6600C87DF7 /* StoreKit.framework */; };
		5AE391CF2CB7C3B200C87DF7 /* week - 1週間を記録する日記.storekit in Resources */ = {isa = PBXBuildFile; fileRef = 5AE391CE2CB7C3B200C87DF7 /* week - 1週間を記録する日記.storekit */; };
		5AE391D12CB9433D00C87DF7 /* subscriptions.storekit in Resources */ = {isa = PBXBuildFile; fileRef = 5AE391D02CB9433D00C87DF7 /* subscriptions.storekit */; };
		5AFA1DBF2CAB4E1C00181F51 /* Localizable.xcstrings in Resources */ = {isa = PBXBuildFile; fileRef = 5AFA1DBE2CAB4E1C00181F51 /* Localizable.xcstrings */; };
		5AFA1DC12CAB614C00181F51 /* Color.xcassets in Resources */ = {isa = PBXBuildFile; fileRef = 5AFA1DC02CAB614C00181F51 /* Color.xcassets */; };
		5AFA1DC42CAB615000181F51 /* MainTabView.swift in Sources */ = {isa = PBXBuildFile; fileRef = 5AFA1DC32CAB615000181F51 /* MainTabView.swift */; };
		B8859F9ED05B62534C0BB0F2 /* Pods_weekTests.framework in Frameworks */ = {isa = PBXBuildFile; fileRef = 58F7593BBBC24728268D094D /* Pods_weekTests.framework */; };
/* End PBXBuildFile section */

/* Begin PBXContainerItemProxy section */
		5AA593DF2C871A940005985E /* PBXContainerItemProxy */ = {
			isa = PBXContainerItemProxy;
			containerPortal = 5A4ED3692C3275BA003E2E0C /* Project object */;
			proxyType = 1;
			remoteGlobalIDString = 5A4ED3702C3275BA003E2E0C;
			remoteInfo = syuki;
		};
/* End PBXContainerItemProxy section */

/* Begin PBXFileReference section */
		06192DC1F459C975FC6878EA /* Pods-SyukiTests.release.xcconfig */ = {isa = PBXFileReference; includeInIndex = 1; lastKnownFileType = text.xcconfig; name = "Pods-SyukiTests.release.xcconfig"; path = "Target Support Files/Pods-SyukiTests/Pods-SyukiTests.release.xcconfig"; sourceTree = "<group>"; };
		0F60D18E1FD0A24227394D40 /* Pods-syuki.release.xcconfig */ = {isa = PBXFileReference; includeInIndex = 1; lastKnownFileType = text.xcconfig; name = "Pods-syuki.release.xcconfig"; path = "Target Support Files/Pods-syuki/Pods-syuki.release.xcconfig"; sourceTree = "<group>"; };
		52F98B8256F278CD6AF0ADDD /* Pods_week.framework */ = {isa = PBXFileReference; explicitFileType = wrapper.framework; includeInIndex = 0; path = Pods_week.framework; sourceTree = BUILT_PRODUCTS_DIR; };
		58F7593BBBC24728268D094D /* Pods_weekTests.framework */ = {isa = PBXFileReference; explicitFileType = wrapper.framework; includeInIndex = 0; path = Pods_weekTests.framework; sourceTree = BUILT_PRODUCTS_DIR; };
		5A2463192CAB0BB400B02F0A /* Info.plist */ = {isa = PBXFileReference; lastKnownFileType = text.plist; path = Info.plist; sourceTree = "<group>"; };
		5A24631C2CAB16E500B02F0A /* SettingView.swift */ = {isa = PBXFileReference; lastKnownFileType = sourcecode.swift; path = SettingView.swift; sourceTree = "<group>"; };
		5A24631E2CAB212F00B02F0A /* BannerView.swift */ = {isa = PBXFileReference; lastKnownFileType = sourcecode.swift; path = BannerView.swift; sourceTree = "<group>"; };
		5A2463202CAB24C400B02F0A /* PrivacyInfo.xcprivacy */ = {isa = PBXFileReference; lastKnownFileType = text.xml; path = PrivacyInfo.xcprivacy; sourceTree = "<group>"; };
		5A2471792C68BB9A001C3CAA /* ReflectionView.swift */ = {isa = PBXFileReference; lastKnownFileType = sourcecode.swift; path = ReflectionView.swift; sourceTree = "<group>"; };
		5A24717B2C6A0B0A001C3CAA /* WeeklyRecord.swift */ = {isa = PBXFileReference; lastKnownFileType = sourcecode.swift; path = WeeklyRecord.swift; sourceTree = "<group>"; };
		5A24717D2C6B4D2D001C3CAA /* NextGoalCardView.swift */ = {isa = PBXFileReference; lastKnownFileType = sourcecode.swift; path = NextGoalCardView.swift; sourceTree = "<group>"; };
		5A3539332C33CA0400C3AB8D /* ArchiveView.swift */ = {isa = PBXFileReference; lastKnownFileType = sourcecode.swift; path = ArchiveView.swift; sourceTree = "<group>"; };
		5A3539352C33CBB700C3AB8D /* GoalCardView.swift */ = {isa = PBXFileReference; lastKnownFileType = sourcecode.swift; path = GoalCardView.swift; sourceTree = "<group>"; };
		5A3539372C33D03700C3AB8D /* ThoughtCard.swift */ = {isa = PBXFileReference; lastKnownFileType = sourcecode.swift; path = ThoughtCard.swift; sourceTree = "<group>"; };
		5A35393B2C33D09D00C3AB8D /* ThoughtCardView.swift */ = {isa = PBXFileReference; lastKnownFileType = sourcecode.swift; path = ThoughtCardView.swift; sourceTree = "<group>"; };
		5A4B02E02CAC10DC00497E79 /* TutorialView.swift */ = {isa = PBXFileReference; lastKnownFileType = sourcecode.swift; path = TutorialView.swift; sourceTree = "<group>"; };
		5A4ED3712C3275BA003E2E0C /* week.app */ = {isa = PBXFileReference; explicitFileType = wrapper.application; includeInIndex = 0; path = week.app; sourceTree = BUILT_PRODUCTS_DIR; };
		5A4ED3742C3275BA003E2E0C /* weekApp.swift */ = {isa = PBXFileReference; lastKnownFileType = sourcecode.swift; path = weekApp.swift; sourceTree = "<group>"; };
		5A4ED3762C3275BA003E2E0C /* HomeView.swift */ = {isa = PBXFileReference; lastKnownFileType = sourcecode.swift; path = HomeView.swift; sourceTree = "<group>"; };
		5A4ED3782C3275BB003E2E0C /* Assets.xcassets */ = {isa = PBXFileReference; lastKnownFileType = folder.assetcatalog; path = Assets.xcassets; sourceTree = "<group>"; };
		5A4ED37B2C3275BB003E2E0C /* Preview Assets.xcassets */ = {isa = PBXFileReference; lastKnownFileType = folder.assetcatalog; path = "Preview Assets.xcassets"; sourceTree = "<group>"; };
		5A6157A02CAEF780006C4F67 /* KeyboardResponder.swift */ = {isa = PBXFileReference; lastKnownFileType = sourcecode.swift; path = KeyboardResponder.swift; sourceTree = "<group>"; };
		5A63CF802CA95D790022D52D /* ThoughtCardEntity+CoreDataClass.swift */ = {isa = PBXFileReference; lastKnownFileType = sourcecode.swift; path = "ThoughtCardEntity+CoreDataClass.swift"; sourceTree = SOURCE_ROOT; };
		5A63CF812CA95D790022D52D /* ThoughtCardEntity+CoreDataProperties.swift */ = {isa = PBXFileReference; lastKnownFileType = sourcecode.swift; path = "ThoughtCardEntity+CoreDataProperties.swift"; sourceTree = SOURCE_ROOT; };
		5A71975C2C66DC77005BDAC2 /* DataManager.swift */ = {isa = PBXFileReference; lastKnownFileType = sourcecode.swift; path = DataManager.swift; sourceTree = "<group>"; };
		5A9ECF042CA7265800E28E7F /* WeeklyRecordEntity+CoreDataClass.swift */ = {isa = PBXFileReference; lastKnownFileType = sourcecode.swift; path = "WeeklyRecordEntity+CoreDataClass.swift"; sourceTree = SOURCE_ROOT; };
		5A9ECF052CA7265800E28E7F /* WeeklyRecordEntity+CoreDataProperties.swift */ = {isa = PBXFileReference; lastKnownFileType = sourcecode.swift; path = "WeeklyRecordEntity+CoreDataProperties.swift"; sourceTree = SOURCE_ROOT; };
		5AA593DB2C871A940005985E /* weekTests.xctest */ = {isa = PBXFileReference; explicitFileType = wrapper.cfbundle; includeInIndex = 0; path = weekTests.xctest; sourceTree = BUILT_PRODUCTS_DIR; };
		5AAB8A492C635DE7002ECBC5 /* Model.xcdatamodel */ = {isa = PBXFileReference; lastKnownFileType = wrapper.xcdatamodel; path = Model.xcdatamodel; sourceTree = "<group>"; };
		5AAB8A4C2C639EE2002ECBC5 /* CoreDataManager.swift */ = {isa = PBXFileReference; lastKnownFileType = sourcecode.swift; path = CoreDataManager.swift; sourceTree = "<group>"; };
		5ABF75062CC9A72A00454AC8 /* ContributionGraphView.swift */ = {isa = PBXFileReference; lastKnownFileType = sourcecode.swift; path = ContributionGraphView.swift; sourceTree = "<group>"; };
		5AE391CA2CB7BACF00C87DF7 /* PurchaseView.swift */ = {isa = PBXFileReference; lastKnownFileType = sourcecode.swift; path = PurchaseView.swift; sourceTree = "<group>"; };
		5AE391CC2CB7BF6600C87DF7 /* StoreKit.framework */ = {isa = PBXFileReference; lastKnownFileType = wrapper.framework; name = StoreKit.framework; path = System/Library/Frameworks/StoreKit.framework; sourceTree = SDKROOT; };
		5AE391CE2CB7C3B200C87DF7 /* week - 1週間を記録する日記.storekit */ = {isa = PBXFileReference; lastKnownFileType = text; path = "week - 1週間を記録する日記.storekit"; sourceTree = "<group>"; };
		5AE391D02CB9433D00C87DF7 /* subscriptions.storekit */ = {isa = PBXFileReference; lastKnownFileType = text; path = subscriptions.storekit; sourceTree = "<group>"; };
		5AFA1DBE2CAB4E1C00181F51 /* Localizable.xcstrings */ = {isa = PBXFileReference; lastKnownFileType = text.json.xcstrings; path = Localizable.xcstrings; sourceTree = "<group>"; };
		5AFA1DC02CAB614C00181F51 /* Color.xcassets */ = {isa = PBXFileReference; lastKnownFileType = folder.assetcatalog; path = Color.xcassets; sourceTree = "<group>"; };
		5AFA1DC32CAB615000181F51 /* MainTabView.swift */ = {isa = PBXFileReference; lastKnownFileType = sourcecode.swift; path = MainTabView.swift; sourceTree = "<group>"; };
		6BA57B40A83707B94AB0033C /* Pods-syuki.debug.xcconfig */ = {isa = PBXFileReference; includeInIndex = 1; lastKnownFileType = text.xcconfig; name = "Pods-syuki.debug.xcconfig"; path = "Target Support Files/Pods-syuki/Pods-syuki.debug.xcconfig"; sourceTree = "<group>"; };
		6E01471588EA58CD23D448AE /* Pods-weekTests.release.xcconfig */ = {isa = PBXFileReference; includeInIndex = 1; lastKnownFileType = text.xcconfig; name = "Pods-weekTests.release.xcconfig"; path = "Target Support Files/Pods-weekTests/Pods-weekTests.release.xcconfig"; sourceTree = "<group>"; };
		B04899E32BFAC4EA5F6ED580 /* Pods-weekTests.debug.xcconfig */ = {isa = PBXFileReference; includeInIndex = 1; lastKnownFileType = text.xcconfig; name = "Pods-weekTests.debug.xcconfig"; path = "Target Support Files/Pods-weekTests/Pods-weekTests.debug.xcconfig"; sourceTree = "<group>"; };
		BC1D53B22A3444DF0A29A96B /* Pods-week.debug.xcconfig */ = {isa = PBXFileReference; includeInIndex = 1; lastKnownFileType = text.xcconfig; name = "Pods-week.debug.xcconfig"; path = "Target Support Files/Pods-week/Pods-week.debug.xcconfig"; sourceTree = "<group>"; };
		C28D2C9D27A6E4A32BD94ACA /* Pods-SyukiTests.debug.xcconfig */ = {isa = PBXFileReference; includeInIndex = 1; lastKnownFileType = text.xcconfig; name = "Pods-SyukiTests.debug.xcconfig"; path = "Target Support Files/Pods-SyukiTests/Pods-SyukiTests.debug.xcconfig"; sourceTree = "<group>"; };
		E95ADD019F06B792FB6FB95E /* Pods-week.release.xcconfig */ = {isa = PBXFileReference; includeInIndex = 1; lastKnownFileType = text.xcconfig; name = "Pods-week.release.xcconfig"; path = "Target Support Files/Pods-week/Pods-week.release.xcconfig"; sourceTree = "<group>"; };
/* End PBXFileReference section */

/* Begin PBXFrameworksBuildPhase section */
		5A4ED36E2C3275BA003E2E0C /* Frameworks */ = {
			isa = PBXFrameworksBuildPhase;
			buildActionMask = 2147483647;
			files = (
				5AE391CD2CB7BF6600C87DF7 /* StoreKit.framework in Frameworks */,
				5A0853C82C33FF6E00DF69BF /* MCEmojiPicker in Frameworks */,
				3C518B7674550B17AB9142ED /* Pods_week.framework in Frameworks */,
			);
			runOnlyForDeploymentPostprocessing = 0;
		};
		5AA593D82C871A940005985E /* Frameworks */ = {
			isa = PBXFrameworksBuildPhase;
			buildActionMask = 2147483647;
			files = (
				B8859F9ED05B62534C0BB0F2 /* Pods_weekTests.framework in Frameworks */,
			);
			runOnlyForDeploymentPostprocessing = 0;
		};
/* End PBXFrameworksBuildPhase section */

/* Begin PBXGroup section */
		100BBDF69853109B3B852254 /* Pods */ = {
			isa = PBXGroup;
			children = (
				C28D2C9D27A6E4A32BD94ACA /* Pods-SyukiTests.debug.xcconfig */,
				06192DC1F459C975FC6878EA /* Pods-SyukiTests.release.xcconfig */,
				6BA57B40A83707B94AB0033C /* Pods-syuki.debug.xcconfig */,
				0F60D18E1FD0A24227394D40 /* Pods-syuki.release.xcconfig */,
				BC1D53B22A3444DF0A29A96B /* Pods-week.debug.xcconfig */,
				E95ADD019F06B792FB6FB95E /* Pods-week.release.xcconfig */,
				B04899E32BFAC4EA5F6ED580 /* Pods-weekTests.debug.xcconfig */,
				6E01471588EA58CD23D448AE /* Pods-weekTests.release.xcconfig */,
			);
			path = Pods;
			sourceTree = "<group>";
		};
		5A2BEDF72C32B42D00D2307F /* Views */ = {
			isa = PBXGroup;
			children = (
				5AFA1DC32CAB615000181F51 /* MainTabView.swift */,
				5A4ED3762C3275BA003E2E0C /* HomeView.swift */,
				5A3539352C33CBB700C3AB8D /* GoalCardView.swift */,
				5A35393B2C33D09D00C3AB8D /* ThoughtCardView.swift */,
				5A2471792C68BB9A001C3CAA /* ReflectionView.swift */,
				5A24717D2C6B4D2D001C3CAA /* NextGoalCardView.swift */,
				5A3539332C33CA0400C3AB8D /* ArchiveView.swift */,
				5A24631C2CAB16E500B02F0A /* SettingView.swift */,
				5A24631E2CAB212F00B02F0A /* BannerView.swift */,
				5AE391CA2CB7BACF00C87DF7 /* PurchaseView.swift */,
				5A4B02E02CAC10DC00497E79 /* TutorialView.swift */,
				5ABF75062CC9A72A00454AC8 /* ContributionGraphView.swift */,
			);
			path = Views;
			sourceTree = "<group>";
		};
		5A2BEDF82C32B43400D2307F /* Models */ = {
			isa = PBXGroup;
			children = (
				5A3539372C33D03700C3AB8D /* ThoughtCard.swift */,
				5A24717B2C6A0B0A001C3CAA /* WeeklyRecord.swift */,
			);
			path = Models;
			sourceTree = "<group>";
		};
		5A4ED3682C3275BA003E2E0C = {
			isa = PBXGroup;
			children = (
				5AFA1DBE2CAB4E1C00181F51 /* Localizable.xcstrings */,
				5A4ED3732C3275BA003E2E0C /* week */,
				5A4ED3722C3275BA003E2E0C /* Products */,
				100BBDF69853109B3B852254 /* Pods */,
				9A543FC3A3433BCDC5BBD582 /* Frameworks */,
			);
			sourceTree = "<group>";
		};
		5A4ED3722C3275BA003E2E0C /* Products */ = {
			isa = PBXGroup;
			children = (
				5A4ED3712C3275BA003E2E0C /* week.app */,
				5AA593DB2C871A940005985E /* weekTests.xctest */,
			);
			name = Products;
			sourceTree = "<group>";
		};
		5A4ED3732C3275BA003E2E0C /* week */ = {
			isa = PBXGroup;
			children = (
				5A2463202CAB24C400B02F0A /* PrivacyInfo.xcprivacy */,
				5A2463192CAB0BB400B02F0A /* Info.plist */,
				5A4ED3742C3275BA003E2E0C /* weekApp.swift */,
				5A4ED3782C3275BB003E2E0C /* Assets.xcassets */,
				5AFA1DC02CAB614C00181F51 /* Color.xcassets */,
				5A4ED37A2C3275BB003E2E0C /* Preview Content */,
				5A2BEDF72C32B42D00D2307F /* Views */,
				5A71975B2C66DC50005BDAC2 /* Service */,
				5A2BEDF82C32B43400D2307F /* Models */,
				5AAB8A4B2C635E64002ECBC5 /* Coredata */,
			);
			path = week;
			sourceTree = "<group>";
		};
		5A4ED37A2C3275BB003E2E0C /* Preview Content */ = {
			isa = PBXGroup;
			children = (
				5A4ED37B2C3275BB003E2E0C /* Preview Assets.xcassets */,
			);
			path = "Preview Content";
			sourceTree = "<group>";
		};
		5A71975B2C66DC50005BDAC2 /* Service */ = {
			isa = PBXGroup;
			children = (
				5A71975C2C66DC77005BDAC2 /* DataManager.swift */,
				5A6157A02CAEF780006C4F67 /* KeyboardResponder.swift */,
				5AE391CE2CB7C3B200C87DF7 /* week - 1週間を記録する日記.storekit */,
				5AE391D02CB9433D00C87DF7 /* subscriptions.storekit */,
			);
			path = Service;
			sourceTree = "<group>";
		};
		5AAB8A4B2C635E64002ECBC5 /* Coredata */ = {
			isa = PBXGroup;
			children = (
				5A63CF802CA95D790022D52D /* ThoughtCardEntity+CoreDataClass.swift */,
				5A63CF812CA95D790022D52D /* ThoughtCardEntity+CoreDataProperties.swift */,
				5A9ECF042CA7265800E28E7F /* WeeklyRecordEntity+CoreDataClass.swift */,
				5A9ECF052CA7265800E28E7F /* WeeklyRecordEntity+CoreDataProperties.swift */,
				5AAB8A4C2C639EE2002ECBC5 /* CoreDataManager.swift */,
				5AAB8A482C635DE7002ECBC5 /* Model.xcdatamodeld */,
			);
			path = Coredata;
			sourceTree = "<group>";
		};
		9A543FC3A3433BCDC5BBD582 /* Frameworks */ = {
			isa = PBXGroup;
			children = (
				5AE391CC2CB7BF6600C87DF7 /* StoreKit.framework */,
				52F98B8256F278CD6AF0ADDD /* Pods_week.framework */,
				58F7593BBBC24728268D094D /* Pods_weekTests.framework */,
			);
			name = Frameworks;
			sourceTree = "<group>";
		};
/* End PBXGroup section */

/* Begin PBXNativeTarget section */
		5A4ED3702C3275BA003E2E0C /* week */ = {
			isa = PBXNativeTarget;
			buildConfigurationList = 5A4ED37F2C3275BB003E2E0C /* Build configuration list for PBXNativeTarget "week" */;
			buildPhases = (
				D546F58021568A7EB71A0447 /* [CP] Check Pods Manifest.lock */,
				5A4ED36D2C3275BA003E2E0C /* Sources */,
				5A4ED36E2C3275BA003E2E0C /* Frameworks */,
				5A4ED36F2C3275BA003E2E0C /* Resources */,
				C615A30A614002E6C4D45763 /* [CP] Copy Pods Resources */,
				03B328867FC8E16737FD9472 /* [CP] Embed Pods Frameworks */,
				5A9095E52E9C223200B18DC2 /* ShellScript */,
			);
			buildRules = (
			);
			dependencies = (
			);
			name = week;
			packageProductDependencies = (
				5A0853C72C33FF6E00DF69BF /* MCEmojiPicker */,
			);
			productName = syuki;
			productReference = 5A4ED3712C3275BA003E2E0C /* week.app */;
			productType = "com.apple.product-type.application";
		};
		5AA593DA2C871A940005985E /* weekTests */ = {
			isa = PBXNativeTarget;
			buildConfigurationList = 5AA593E32C871A940005985E /* Build configuration list for PBXNativeTarget "weekTests" */;
			buildPhases = (
				E8E654C102E5C062075B39A1 /* [CP] Check Pods Manifest.lock */,
				5AA593D72C871A940005985E /* Sources */,
				5AA593D82C871A940005985E /* Frameworks */,
				5AA593D92C871A940005985E /* Resources */,
			);
			buildRules = (
			);
			dependencies = (
				5AA593E02C871A940005985E /* PBXTargetDependency */,
			);
			name = weekTests;
			productName = SyukiTests;
			productReference = 5AA593DB2C871A940005985E /* weekTests.xctest */;
			productType = "com.apple.product-type.bundle.unit-test";
		};
/* End PBXNativeTarget section */

/* Begin PBXProject section */
		5A4ED3692C3275BA003E2E0C /* Project object */ = {
			isa = PBXProject;
			attributes = {
				BuildIndependentTargetsInParallel = 1;
				LastSwiftUpdateCheck = 1540;
				LastUpgradeCheck = 1600;
				TargetAttributes = {
					5A4ED3702C3275BA003E2E0C = {
						CreatedOnToolsVersion = 15.3;
					};
					5AA593DA2C871A940005985E = {
						CreatedOnToolsVersion = 15.4;
						TestTargetID = 5A4ED3702C3275BA003E2E0C;
					};
				};
			};
			buildConfigurationList = 5A4ED36C2C3275BA003E2E0C /* Build configuration list for PBXProject "week" */;
			compatibilityVersion = "Xcode 14.0";
			developmentRegion = ja;
			hasScannedForEncodings = 0;
			knownRegions = (
				en,
				Base,
				ja,
			);
			mainGroup = 5A4ED3682C3275BA003E2E0C;
			packageReferences = (
				5A0853C62C33FF6E00DF69BF /* XCRemoteSwiftPackageReference "MCEmojiPicker" */,
			);
			productRefGroup = 5A4ED3722C3275BA003E2E0C /* Products */;
			projectDirPath = "";
			projectRoot = "";
			targets = (
				5A4ED3702C3275BA003E2E0C /* week */,
				5AA593DA2C871A940005985E /* weekTests */,
			);
		};
/* End PBXProject section */

/* Begin PBXResourcesBuildPhase section */
		5A4ED36F2C3275BA003E2E0C /* Resources */ = {
			isa = PBXResourcesBuildPhase;
			buildActionMask = 2147483647;
			files = (
				5A4ED37C2C3275BB003E2E0C /* Preview Assets.xcassets in Resources */,
				5AE391D12CB9433D00C87DF7 /* subscriptions.storekit in Resources */,
				5A4ED3792C3275BB003E2E0C /* Assets.xcassets in Resources */,
				5AFA1DC12CAB614C00181F51 /* Color.xcassets in Resources */,
				5AFA1DBF2CAB4E1C00181F51 /* Localizable.xcstrings in Resources */,
				5A2463212CAB24C400B02F0A /* PrivacyInfo.xcprivacy in Resources */,
				5AE391CF2CB7C3B200C87DF7 /* week - 1週間を記録する日記.storekit in Resources */,
			);
			runOnlyForDeploymentPostprocessing = 0;
		};
		5AA593D92C871A940005985E /* Resources */ = {
			isa = PBXResourcesBuildPhase;
			buildActionMask = 2147483647;
			files = (
			);
			runOnlyForDeploymentPostprocessing = 0;
		};
/* End PBXResourcesBuildPhase section */

/* Begin PBXShellScriptBuildPhase section */
		03B328867FC8E16737FD9472 /* [CP] Embed Pods Frameworks */ = {
			isa = PBXShellScriptBuildPhase;
			buildActionMask = 2147483647;
			files = (
			);
			inputFileListPaths = (
				"${PODS_ROOT}/Target Support Files/Pods-week/Pods-week-frameworks-${CONFIGURATION}-input-files.xcfilelist",
			);
			inputPaths = (
			);
			name = "[CP] Embed Pods Frameworks";
			outputFileListPaths = (
				"${PODS_ROOT}/Target Support Files/Pods-week/Pods-week-frameworks-${CONFIGURATION}-output-files.xcfilelist",
			);
			outputPaths = (
			);
			runOnlyForDeploymentPostprocessing = 0;
			shellPath = /bin/sh;
			shellScript = "\"${PODS_ROOT}/Target Support Files/Pods-week/Pods-week-frameworks.sh\"\n";
			showEnvVarsInLog = 0;
		};
		5A9095E52E9C223200B18DC2 /* ShellScript */ = {
			isa = PBXShellScriptBuildPhase;
			buildActionMask = 2147483647;
			files = (
			);
			inputFileListPaths = (
			);
			inputPaths = (
				"$(SRCROOT)/Config/GoogleService-Info.plist",
			);
			outputFileListPaths = (
			);
			outputPaths = (
				"$(BUILT_PRODUCTS_DIR)/$(PRODUCT_NAME).app/GoogleService-Info.plist",
			);
			runOnlyForDeploymentPostprocessing = 0;
			shellPath = /bin/sh;
			shellScript = "# Type a script or drag a script file from your workspace to insert its path.\nbash \"${SRCROOT}/scripts/copy-google-service-info.sh\"\n";
		};
		C615A30A614002E6C4D45763 /* [CP] Copy Pods Resources */ = {
			isa = PBXShellScriptBuildPhase;
			buildActionMask = 2147483647;
			files = (
			);
			inputFileListPaths = (
				"${PODS_ROOT}/Target Support Files/Pods-week/Pods-week-resources-${CONFIGURATION}-input-files.xcfilelist",
			);
			inputPaths = (
			);
			name = "[CP] Copy Pods Resources";
			outputFileListPaths = (
				"${PODS_ROOT}/Target Support Files/Pods-week/Pods-week-resources-${CONFIGURATION}-output-files.xcfilelist",
			);
			outputPaths = (
			);
			runOnlyForDeploymentPostprocessing = 0;
			shellPath = /bin/sh;
			shellScript = "\"${PODS_ROOT}/Target Support Files/Pods-week/Pods-week-resources.sh\"\n";
			showEnvVarsInLog = 0;
		};
		D546F58021568A7EB71A0447 /* [CP] Check Pods Manifest.lock */ = {
			isa = PBXShellScriptBuildPhase;
			buildActionMask = 2147483647;
			files = (
			);
			inputFileListPaths = (
			);
			inputPaths = (
				"${PODS_PODFILE_DIR_PATH}/Podfile.lock",
				"${PODS_ROOT}/Manifest.lock",
			);
			name = "[CP] Check Pods Manifest.lock";
			outputFileListPaths = (
			);
			outputPaths = (
				"$(DERIVED_FILE_DIR)/Pods-week-checkManifestLockResult.txt",
			);
			runOnlyForDeploymentPostprocessing = 0;
			shellPath = /bin/sh;
			shellScript = "diff \"${PODS_PODFILE_DIR_PATH}/Podfile.lock\" \"${PODS_ROOT}/Manifest.lock\" > /dev/null\nif [ $? != 0 ] ; then\n    # print error to STDERR\n    echo \"error: The sandbox is not in sync with the Podfile.lock. Run 'pod install' or update your CocoaPods installation.\" >&2\n    exit 1\nfi\n# This output is used by Xcode 'outputs' to avoid re-running this script phase.\necho \"SUCCESS\" > \"${SCRIPT_OUTPUT_FILE_0}\"\n";
			showEnvVarsInLog = 0;
		};
		E8E654C102E5C062075B39A1 /* [CP] Check Pods Manifest.lock */ = {
			isa = PBXShellScriptBuildPhase;
			buildActionMask = 2147483647;
			files = (
			);
			inputFileListPaths = (
			);
			inputPaths = (
				"${PODS_PODFILE_DIR_PATH}/Podfile.lock",
				"${PODS_ROOT}/Manifest.lock",
			);
			name = "[CP] Check Pods Manifest.lock";
			outputFileListPaths = (
			);
			outputPaths = (
				"$(DERIVED_FILE_DIR)/Pods-weekTests-checkManifestLockResult.txt",
			);
			runOnlyForDeploymentPostprocessing = 0;
			shellPath = /bin/sh;
			shellScript = "diff \"${PODS_PODFILE_DIR_PATH}/Podfile.lock\" \"${PODS_ROOT}/Manifest.lock\" > /dev/null\nif [ $? != 0 ] ; then\n    # print error to STDERR\n    echo \"error: The sandbox is not in sync with the Podfile.lock. Run 'pod install' or update your CocoaPods installation.\" >&2\n    exit 1\nfi\n# This output is used by Xcode 'outputs' to avoid re-running this script phase.\necho \"SUCCESS\" > \"${SCRIPT_OUTPUT_FILE_0}\"\n";
			showEnvVarsInLog = 0;
		};
/* End PBXShellScriptBuildPhase section */

/* Begin PBXSourcesBuildPhase section */
		5A4ED36D2C3275BA003E2E0C /* Sources */ = {
			isa = PBXSourcesBuildPhase;
			buildActionMask = 2147483647;
			files = (
				5AE391CB2CB7BACF00C87DF7 /* PurchaseView.swift in Sources */,
				5A4ED3772C3275BA003E2E0C /* HomeView.swift in Sources */,
				5AFA1DC42CAB615000181F51 /* MainTabView.swift in Sources */,
				5A63CF822CA95D790022D52D /* ThoughtCardEntity+CoreDataClass.swift in Sources */,
				5A63CF832CA95D790022D52D /* ThoughtCardEntity+CoreDataProperties.swift in Sources */,
				5A24717A2C68BB9A001C3CAA /* ReflectionView.swift in Sources */,
				5ABF75072CC9A72A00454AC8 /* ContributionGraphView.swift in Sources */,
				5A3539382C33D03700C3AB8D /* ThoughtCard.swift in Sources */,
				5A4B02E12CAC10DC00497E79 /* TutorialView.swift in Sources */,
				5A35393C2C33D09D00C3AB8D /* ThoughtCardView.swift in Sources */,
				5A24717E2C6B4D2D001C3CAA /* NextGoalCardView.swift in Sources */,
				5A24631F2CAB212F00B02F0A /* BannerView.swift in Sources */,
				5A24717C2C6A0B0A001C3CAA /* WeeklyRecord.swift in Sources */,
				5AAB8A4A2C635DE7002ECBC5 /* Model.xcdatamodeld in Sources */,
				5A24631D2CAB16E500B02F0A /* SettingView.swift in Sources */,
				5A3539362C33CBB700C3AB8D /* GoalCardView.swift in Sources */,
				5A6157A12CAEF780006C4F67 /* KeyboardResponder.swift in Sources */,
				5A3539342C33CA0400C3AB8D /* ArchiveView.swift in Sources */,
				5AAB8A4D2C639EE2002ECBC5 /* CoreDataManager.swift in Sources */,
				5A71975D2C66DC77005BDAC2 /* DataManager.swift in Sources */,
				5A4ED3752C3275BA003E2E0C /* weekApp.swift in Sources */,
				5A9ECF082CA7265800E28E7F /* WeeklyRecordEntity+CoreDataClass.swift in Sources */,
				5A9ECF092CA7265800E28E7F /* WeeklyRecordEntity+CoreDataProperties.swift in Sources */,
			);
			runOnlyForDeploymentPostprocessing = 0;
		};
		5AA593D72C871A940005985E /* Sources */ = {
			isa = PBXSourcesBuildPhase;
			buildActionMask = 2147483647;
			files = (
			);
			runOnlyForDeploymentPostprocessing = 0;
		};
/* End PBXSourcesBuildPhase section */

/* Begin PBXTargetDependency section */
		5AA593E02C871A940005985E /* PBXTargetDependency */ = {
			isa = PBXTargetDependency;
			target = 5A4ED3702C3275BA003E2E0C /* week */;
			targetProxy = 5AA593DF2C871A940005985E /* PBXContainerItemProxy */;
		};
/* End PBXTargetDependency section */

/* Begin XCBuildConfiguration section */
		5A4ED37D2C3275BB003E2E0C /* Debug */ = {
			isa = XCBuildConfiguration;
			buildSettings = {
				ALWAYS_SEARCH_USER_PATHS = NO;
				ASSETCATALOG_COMPILER_GENERATE_SWIFT_ASSET_SYMBOL_EXTENSIONS = YES;
				BUNDLE_ID_SUFFIX = .debug;
				CLANG_ANALYZER_LOCALIZABILITY_NONLOCALIZED = YES;
				CLANG_ANALYZER_NONNULL = YES;
				CLANG_ANALYZER_NUMBER_OBJECT_CONVERSION = YES_AGGRESSIVE;
				CLANG_CXX_LANGUAGE_STANDARD = "gnu++20";
				CLANG_ENABLE_MODULES = YES;
				CLANG_ENABLE_OBJC_ARC = YES;
				CLANG_ENABLE_OBJC_WEAK = YES;
				CLANG_WARN_BLOCK_CAPTURE_AUTORELEASING = YES;
				CLANG_WARN_BOOL_CONVERSION = YES;
				CLANG_WARN_COMMA = YES;
				CLANG_WARN_CONSTANT_CONVERSION = YES;
				CLANG_WARN_DEPRECATED_OBJC_IMPLEMENTATIONS = YES;
				CLANG_WARN_DIRECT_OBJC_ISA_USAGE = YES_ERROR;
				CLANG_WARN_DOCUMENTATION_COMMENTS = YES;
				CLANG_WARN_EMPTY_BODY = YES;
				CLANG_WARN_ENUM_CONVERSION = YES;
				CLANG_WARN_INFINITE_RECURSION = YES;
				CLANG_WARN_INT_CONVERSION = YES;
				CLANG_WARN_NON_LITERAL_NULL_CONVERSION = YES;
				CLANG_WARN_OBJC_IMPLICIT_RETAIN_SELF = YES;
				CLANG_WARN_OBJC_LITERAL_CONVERSION = YES;
				CLANG_WARN_OBJC_ROOT_CLASS = YES_ERROR;
				CLANG_WARN_QUOTED_INCLUDE_IN_FRAMEWORK_HEADER = YES;
				CLANG_WARN_RANGE_LOOP_ANALYSIS = YES;
				CLANG_WARN_STRICT_PROTOTYPES = YES;
				CLANG_WARN_SUSPICIOUS_MOVE = YES;
				CLANG_WARN_UNGUARDED_AVAILABILITY = YES_AGGRESSIVE;
				CLANG_WARN_UNREACHABLE_CODE = YES;
				CLANG_WARN__DUPLICATE_METHOD_MATCH = YES;
				COPY_PHASE_STRIP = NO;
				DEBUG_INFORMATION_FORMAT = dwarf;
				ENABLE_STRICT_OBJC_MSGSEND = YES;
				ENABLE_TESTABILITY = YES;
				ENABLE_USER_SCRIPT_SANDBOXING = YES;
				GCC_C_LANGUAGE_STANDARD = gnu17;
				GCC_DYNAMIC_NO_PIC = NO;
				GCC_NO_COMMON_BLOCKS = YES;
				GCC_OPTIMIZATION_LEVEL = 0;
				GCC_PREPROCESSOR_DEFINITIONS = (
					"DEBUG=1",
					"$(inherited)",
				);
				GCC_WARN_64_TO_32_BIT_CONVERSION = YES;
				GCC_WARN_ABOUT_RETURN_TYPE = YES_ERROR;
				GCC_WARN_UNDECLARED_SELECTOR = YES;
				GCC_WARN_UNINITIALIZED_AUTOS = YES_AGGRESSIVE;
				GCC_WARN_UNUSED_FUNCTION = YES;
				GCC_WARN_UNUSED_VARIABLE = YES;
				IPHONEOS_DEPLOYMENT_TARGET = 17.4;
				LOCALIZATION_PREFERS_STRING_CATALOGS = YES;
				MTL_ENABLE_DEBUG_INFO = INCLUDE_SOURCE;
				MTL_FAST_MATH = YES;
				ONLY_ACTIVE_ARCH = YES;
				SDKROOT = iphoneos;
				SWIFT_ACTIVE_COMPILATION_CONDITIONS = "DEBUG $(inherited)";
				SWIFT_EMIT_LOC_STRINGS = YES;
				SWIFT_OPTIMIZATION_LEVEL = "-Onone";
			};
			name = Debug;
		};
		5A4ED37E2C3275BB003E2E0C /* Release */ = {
			isa = XCBuildConfiguration;
			buildSettings = {
				ALWAYS_SEARCH_USER_PATHS = NO;
				ASSETCATALOG_COMPILER_GENERATE_SWIFT_ASSET_SYMBOL_EXTENSIONS = YES;
				BUNDLE_ID_SUFFIX = "";
				CLANG_ANALYZER_LOCALIZABILITY_NONLOCALIZED = YES;
				CLANG_ANALYZER_NONNULL = YES;
				CLANG_ANALYZER_NUMBER_OBJECT_CONVERSION = YES_AGGRESSIVE;
				CLANG_CXX_LANGUAGE_STANDARD = "gnu++20";
				CLANG_ENABLE_MODULES = YES;
				CLANG_ENABLE_OBJC_ARC = YES;
				CLANG_ENABLE_OBJC_WEAK = YES;
				CLANG_WARN_BLOCK_CAPTURE_AUTORELEASING = YES;
				CLANG_WARN_BOOL_CONVERSION = YES;
				CLANG_WARN_COMMA = YES;
				CLANG_WARN_CONSTANT_CONVERSION = YES;
				CLANG_WARN_DEPRECATED_OBJC_IMPLEMENTATIONS = YES;
				CLANG_WARN_DIRECT_OBJC_ISA_USAGE = YES_ERROR;
				CLANG_WARN_DOCUMENTATION_COMMENTS = YES;
				CLANG_WARN_EMPTY_BODY = YES;
				CLANG_WARN_ENUM_CONVERSION = YES;
				CLANG_WARN_INFINITE_RECURSION = YES;
				CLANG_WARN_INT_CONVERSION = YES;
				CLANG_WARN_NON_LITERAL_NULL_CONVERSION = YES;
				CLANG_WARN_OBJC_IMPLICIT_RETAIN_SELF = YES;
				CLANG_WARN_OBJC_LITERAL_CONVERSION = YES;
				CLANG_WARN_OBJC_ROOT_CLASS = YES_ERROR;
				CLANG_WARN_QUOTED_INCLUDE_IN_FRAMEWORK_HEADER = YES;
				CLANG_WARN_RANGE_LOOP_ANALYSIS = YES;
				CLANG_WARN_STRICT_PROTOTYPES = YES;
				CLANG_WARN_SUSPICIOUS_MOVE = YES;
				CLANG_WARN_UNGUARDED_AVAILABILITY = YES_AGGRESSIVE;
				CLANG_WARN_UNREACHABLE_CODE = YES;
				CLANG_WARN__DUPLICATE_METHOD_MATCH = YES;
				COPY_PHASE_STRIP = NO;
				DEBUG_INFORMATION_FORMAT = "dwarf-with-dsym";
				ENABLE_NS_ASSERTIONS = NO;
				ENABLE_STRICT_OBJC_MSGSEND = YES;
				ENABLE_USER_SCRIPT_SANDBOXING = YES;
				GCC_C_LANGUAGE_STANDARD = gnu17;
				GCC_NO_COMMON_BLOCKS = YES;
				GCC_WARN_64_TO_32_BIT_CONVERSION = YES;
				GCC_WARN_ABOUT_RETURN_TYPE = YES_ERROR;
				GCC_WARN_UNDECLARED_SELECTOR = YES;
				GCC_WARN_UNINITIALIZED_AUTOS = YES_AGGRESSIVE;
				GCC_WARN_UNUSED_FUNCTION = YES;
				GCC_WARN_UNUSED_VARIABLE = YES;
				IPHONEOS_DEPLOYMENT_TARGET = 17.4;
				LOCALIZATION_PREFERS_STRING_CATALOGS = YES;
				MTL_ENABLE_DEBUG_INFO = NO;
				MTL_FAST_MATH = YES;
				SDKROOT = iphoneos;
				SWIFT_COMPILATION_MODE = wholemodule;
				SWIFT_EMIT_LOC_STRINGS = YES;
				VALIDATE_PRODUCT = YES;
			};
			name = Release;
		};
		5A4ED3802C3275BB003E2E0C /* Debug */ = {
			isa = XCBuildConfiguration;
			baseConfigurationReference = BC1D53B22A3444DF0A29A96B /* Pods-week.debug.xcconfig */;
			buildSettings = {
				ASSETCATALOG_COMPILER_APPICON_NAME = AppIcon;
				ASSETCATALOG_COMPILER_GLOBAL_ACCENT_COLOR_NAME = AccentColor;
				CODE_SIGN_IDENTITY = "Apple Development";
				CODE_SIGN_STYLE = Automatic;
				CURRENT_PROJECT_VERSION = 3;
				DEVELOPMENT_ASSET_PATHS = "\"week/Preview Content\"";
				DEVELOPMENT_TEAM = 7Z3QK7D946;
				ENABLE_PREVIEWS = YES;
				ENABLE_USER_SCRIPT_SANDBOXING = NO;
				GENERATE_INFOPLIST_FILE = YES;
				INFOPLIST_FILE = week/Info.plist;
				INFOPLIST_KEY_CFBundleDisplayName = week;
				INFOPLIST_KEY_UIApplicationSceneManifest_Generation = YES;
				INFOPLIST_KEY_UIApplicationSupportsIndirectInputEvents = YES;
				INFOPLIST_KEY_UILaunchScreen_Generation = YES;
				INFOPLIST_KEY_UISupportedInterfaceOrientations = UIInterfaceOrientationPortrait;
				INFOPLIST_KEY_UISupportedInterfaceOrientations_iPad = "UIInterfaceOrientationLandscapeLeft UIInterfaceOrientationLandscapeRight UIInterfaceOrientationPortrait UIInterfaceOrientationPortraitUpsideDown";
				LD_RUNPATH_SEARCH_PATHS = (
					"$(inherited)",
					"@executable_path/Frameworks",
				);
				MARKETING_VERSION = 1.4;
				PRODUCT_BUNDLE_IDENTIFIER = "com.gmail.iura.smh.week${BUNDLE_ID_SUFFIX}";
				PRODUCT_NAME = "$(TARGET_NAME)";
				PROVISIONING_PROFILE_SPECIFIER = "";
				SUPPORTED_PLATFORMS = "iphoneos iphonesimulator";
				SUPPORTS_MACCATALYST = NO;
				SUPPORTS_MAC_DESIGNED_FOR_IPHONE_IPAD = NO;
				SUPPORTS_XR_DESIGNED_FOR_IPHONE_IPAD = NO;
				SWIFT_EMIT_LOC_STRINGS = YES;
				SWIFT_VERSION = 5.0;
				TARGETED_DEVICE_FAMILY = 1;
			};
			name = Debug;
		};
		5A4ED3812C3275BB003E2E0C /* Release */ = {
			isa = XCBuildConfiguration;
			baseConfigurationReference = E95ADD019F06B792FB6FB95E /* Pods-week.release.xcconfig */;
			buildSettings = {
				ASSETCATALOG_COMPILER_APPICON_NAME = AppIcon;
				ASSETCATALOG_COMPILER_GLOBAL_ACCENT_COLOR_NAME = AccentColor;
				CODE_SIGN_IDENTITY = "Apple Development";
				CODE_SIGN_STYLE = Automatic;
				CURRENT_PROJECT_VERSION = 3;
				DEVELOPMENT_ASSET_PATHS = "\"week/Preview Content\"";
				DEVELOPMENT_TEAM = 7Z3QK7D946;
				ENABLE_PREVIEWS = YES;
				ENABLE_USER_SCRIPT_SANDBOXING = NO;
				GENERATE_INFOPLIST_FILE = YES;
				INFOPLIST_FILE = week/Info.plist;
				INFOPLIST_KEY_CFBundleDisplayName = week;
				INFOPLIST_KEY_UIApplicationSceneManifest_Generation = YES;
				INFOPLIST_KEY_UIApplicationSupportsIndirectInputEvents = YES;
				INFOPLIST_KEY_UILaunchScreen_Generation = YES;
				INFOPLIST_KEY_UISupportedInterfaceOrientations = UIInterfaceOrientationPortrait;
				INFOPLIST_KEY_UISupportedInterfaceOrientations_iPad = "UIInterfaceOrientationLandscapeLeft UIInterfaceOrientationLandscapeRight UIInterfaceOrientationPortrait UIInterfaceOrientationPortraitUpsideDown";
				LD_RUNPATH_SEARCH_PATHS = (
					"$(inherited)",
					"@executable_path/Frameworks",
				);
				MARKETING_VERSION = 1.4;
				PRODUCT_BUNDLE_IDENTIFIER = "com.gmail.iura.smh.week${BUNDLE_ID_SUFFIX}";
				PRODUCT_NAME = "$(TARGET_NAME)";
				PROVISIONING_PROFILE_SPECIFIER = "";
				SUPPORTED_PLATFORMS = "iphoneos iphonesimulator";
				SUPPORTS_MACCATALYST = NO;
				SUPPORTS_MAC_DESIGNED_FOR_IPHONE_IPAD = NO;
				SUPPORTS_XR_DESIGNED_FOR_IPHONE_IPAD = NO;
				SWIFT_ACTIVE_COMPILATION_CONDITIONS = RELEASE;
				SWIFT_EMIT_LOC_STRINGS = YES;
				SWIFT_VERSION = 5.0;
				TARGETED_DEVICE_FAMILY = 1;
			};
			name = Release;
		};
		5AA593E12C871A940005985E /* Debug */ = {
			isa = XCBuildConfiguration;
			baseConfigurationReference = B04899E32BFAC4EA5F6ED580 /* Pods-weekTests.debug.xcconfig */;
			buildSettings = {
				BUNDLE_LOADER = "$(TEST_HOST)";
				CODE_SIGN_STYLE = Automatic;
				CURRENT_PROJECT_VERSION = 3;
				DEVELOPMENT_TEAM = 7Z3QK7D946;
				GENERATE_INFOPLIST_FILE = YES;
				IPHONEOS_DEPLOYMENT_TARGET = 17.4;
				MARKETING_VERSION = 1.0;
				PRODUCT_BUNDLE_IDENTIFIER = com.gmail.iura.smh.weekTests;
				PRODUCT_NAME = "$(TARGET_NAME)";
				SWIFT_EMIT_LOC_STRINGS = NO;
				SWIFT_VERSION = 5.0;
				TARGETED_DEVICE_FAMILY = "1,2";
				TEST_HOST = "$(BUILT_PRODUCTS_DIR)/week.app/$(BUNDLE_EXECUTABLE_FOLDER_PATH)/week";
			};
			name = Debug;
		};
		5AA593E22C871A940005985E /* Release */ = {
			isa = XCBuildConfiguration;
			baseConfigurationReference = 6E01471588EA58CD23D448AE /* Pods-weekTests.release.xcconfig */;
			buildSettings = {
				BUNDLE_LOADER = "$(TEST_HOST)";
				CODE_SIGN_STYLE = Automatic;
				CURRENT_PROJECT_VERSION = 3;
				DEVELOPMENT_TEAM = 7Z3QK7D946;
				GENERATE_INFOPLIST_FILE = YES;
				IPHONEOS_DEPLOYMENT_TARGET = 17.4;
				MARKETING_VERSION = 1.0;
				PRODUCT_BUNDLE_IDENTIFIER = com.gmail.iura.smh.weekTests;
				PRODUCT_NAME = "$(TARGET_NAME)";
				SWIFT_EMIT_LOC_STRINGS = NO;
				SWIFT_VERSION = 5.0;
				TARGETED_DEVICE_FAMILY = "1,2";
				TEST_HOST = "$(BUILT_PRODUCTS_DIR)/week.app/$(BUNDLE_EXECUTABLE_FOLDER_PATH)/week";
			};
			name = Release;
		};
/* End XCBuildConfiguration section */

/* Begin XCConfigurationList section */
		5A4ED36C2C3275BA003E2E0C /* Build configuration list for PBXProject "week" */ = {
			isa = XCConfigurationList;
			buildConfigurations = (
				5A4ED37D2C3275BB003E2E0C /* Debug */,
				5A4ED37E2C3275BB003E2E0C /* Release */,
			);
			defaultConfigurationIsVisible = 0;
			defaultConfigurationName = Release;
		};
		5A4ED37F2C3275BB003E2E0C /* Build configuration list for PBXNativeTarget "week" */ = {
			isa = XCConfigurationList;
			buildConfigurations = (
				5A4ED3802C3275BB003E2E0C /* Debug */,
				5A4ED3812C3275BB003E2E0C /* Release */,
			);
			defaultConfigurationIsVisible = 0;
			defaultConfigurationName = Release;
		};
		5AA593E32C871A940005985E /* Build configuration list for PBXNativeTarget "weekTests" */ = {
			isa = XCConfigurationList;
			buildConfigurations = (
				5AA593E12C871A940005985E /* Debug */,
				5AA593E22C871A940005985E /* Release */,
			);
			defaultConfigurationIsVisible = 0;
			defaultConfigurationName = Release;
		};
/* End XCConfigurationList section */

/* Begin XCRemoteSwiftPackageReference section */
		5A0853C62C33FF6E00DF69BF /* XCRemoteSwiftPackageReference "MCEmojiPicker" */ = {
			isa = XCRemoteSwiftPackageReference;
			repositoryURL = "https://github.com/izyumkin/MCEmojiPicker";
			requirement = {
				kind = upToNextMajorVersion;
				minimumVersion = 1.2.3;
			};
		};
/* End XCRemoteSwiftPackageReference section */

/* Begin XCSwiftPackageProductDependency section */
		5A0853C72C33FF6E00DF69BF /* MCEmojiPicker */ = {
			isa = XCSwiftPackageProductDependency;
			package = 5A0853C62C33FF6E00DF69BF /* XCRemoteSwiftPackageReference "MCEmojiPicker" */;
			productName = MCEmojiPicker;
		};
/* End XCSwiftPackageProductDependency section */

/* Begin XCVersionGroup section */
		5AAB8A482C635DE7002ECBC5 /* Model.xcdatamodeld */ = {
			isa = XCVersionGroup;
			children = (
				5AAB8A492C635DE7002ECBC5 /* Model.xcdatamodel */,
			);
			currentVersion = 5AAB8A492C635DE7002ECBC5 /* Model.xcdatamodel */;
			path = Model.xcdatamodeld;
			sourceTree = "<group>";
			versionGroupType = wrapper.xcdatamodel;
		};
/* End XCVersionGroup section */
	};
	rootObject = 5A4ED3692C3275BA003E2E0C /* Project object */;
}
